
Microsoft Visual Studio Solution File, Format Version 12.00
# Visual Studio Version 17
VisualStudioVersion = 17.12.35707.178
MinimumVisualStudioVersion = 10.0.40219.1
Project("{FAE04EC0-301F-11D3-BF4B-00C04F79EFBC}") = "ServiceDashBoard1", "ServiceDashBoard1\ServiceDashBoard1.csproj", "{50D01BFF-2FF2-4DE2-A13F-756C2BCB17BD}"
EndProject
Global
	GlobalSection(SolutionConfigurationPlatforms) = preSolution
		Debug|Any CPU = Debug|Any CPU
		Release|Any CPU = Release|Any CPU
	EndGlobalSection
	GlobalSection(ProjectConfigurationPlatforms) = postSolution
		{50D01BFF-2FF2-4DE2-A13F-756C2BCB17BD}.Debug|Any CPU.ActiveCfg = Debug|Any CPU
		{50D01BFF-2FF2-4DE2-A13F-756C2BCB17BD}.Debug|Any CPU.Build.0 = Debug|Any CPU
		{50D01BFF-2FF2-4DE2-A13F-756C2BCB17BD}.Release|Any CPU.ActiveCfg = Release|Any CPU
		{50D01BFF-2FF2-4DE2-A13F-756C2BCB17BD}.Release|Any CPU.Build.0 = Release|Any CPU
	EndGlobalSection
	GlobalSection(SolutionProperties) = preSolution
		HideSolutionNode = FALSE
	EndGlobalSection
EndGlobal
